
Microsoft Visual Studio Solution File, Format Version 12.00
# Visual Studio Version 16
VisualStudioVersion = 16.0.29102.190
MinimumVisualStudioVersion = 10.0.40219.1
Project("{FAE04EC0-301F-11D3-BF4B-00C04F79EFBC}") = "GAPInsuranceSite", "GAPInsuranceSite\GAPInsuranceSite.csproj", "{42BF6160-2E40-41D8-A6A7-3FD9CF0A43D2}"
EndProject
Global
	GlobalSection(SolutionConfigurationPlatforms) = preSolution
		Debug|Any CPU = Debug|Any CPU
		Release|Any CPU = Release|Any CPU
	EndGlobalSection
	GlobalSection(ProjectConfigurationPlatforms) = postSolution
		{42BF6160-2E40-41D8-A6A7-3FD9CF0A43D2}.Debug|Any CPU.ActiveCfg = Debug|Any CPU
		{42BF6160-2E40-41D8-A6A7-3FD9CF0A43D2}.Debug|Any CPU.Build.0 = Debug|Any CPU
		{42BF6160-2E40-41D8-A6A7-3FD9CF0A43D2}.Release|Any CPU.ActiveCfg = Release|Any CPU
		{42BF6160-2E40-41D8-A6A7-3FD9CF0A43D2}.Release|Any CPU.Build.0 = Release|Any CPU
	EndGlobalSection
	GlobalSection(SolutionProperties) = preSolution
		HideSolutionNode = FALSE
	EndGlobalSection
	GlobalSection(ExtensibilityGlobals) = postSolution
		SolutionGuid = {7D57720A-5B88-4407-BEF4-4A6D3F52D4F0}
	EndGlobalSection
EndGlobal
